
Microsoft Visual Studio Solution File, Format Version 12.00
# Visual Studio Version 17
VisualStudioVersion = 17.11.35312.102
MinimumVisualStudioVersion = 10.0.40219.1
Project("{FAE04EC0-301F-11D3-BF4B-00C04F79EFBC}") = "5noemberi", "5noemberi.csproj", "{6A2953F9-2775-4907-BD38-4A9250AFC5C7}"
EndProject
Global
	GlobalSection(SolutionConfigurationPlatforms) = preSolution
		Debug|Any CPU = Debug|Any CPU
		Release|Any CPU = Release|Any CPU
	EndGlobalSection
	GlobalSection(ProjectConfigurationPlatforms) = postSolution
		{6A2953F9-2775-4907-BD38-4A9250AFC5C7}.Debug|Any CPU.ActiveCfg = Debug|Any CPU
		{6A2953F9-2775-4907-BD38-4A9250AFC5C7}.Debug|Any CPU.Build.0 = Debug|Any CPU
		{6A2953F9-2775-4907-BD38-4A9250AFC5C7}.Release|Any CPU.ActiveCfg = Release|Any CPU
		{6A2953F9-2775-4907-BD38-4A9250AFC5C7}.Release|Any CPU.Build.0 = Release|Any CPU
	EndGlobalSection
	GlobalSection(SolutionProperties) = preSolution
		HideSolutionNode = FALSE
	EndGlobalSection
	GlobalSection(ExtensibilityGlobals) = postSolution
		SolutionGuid = {D20DA8F7-A3C2-4A11-81C5-ADBFB9C9842D}
	EndGlobalSection
EndGlobal
